
Microsoft Visual Studio Solution File, Format Version 12.00
# Visual Studio Version 16
VisualStudioVersion = 16.0.31205.134
MinimumVisualStudioVersion = 10.0.40219.1
Project("{FAE04EC0-301F-11D3-BF4B-00C04F79EFBC}") = "GraphQLService.Api", "GraphQLService.Api\GraphQLService.Api.csproj", "{B331DA28-C5FE-41E4-AB4B-E860D01A49B0}"
EndProject
Project("{FAE04EC0-301F-11D3-BF4B-00C04F79EFBC}") = "GraphQLService.DAL", "GraphQLService.DAL\GraphQLService.DAL.csproj", "{3B3951F3-8757-47E7-8581-91B7C0C95F7E}"
EndProject
Project("{FAE04EC0-301F-11D3-BF4B-00C04F79EFBC}") = "GraphQLService.Logic", "GraphQLService.Logic\GraphQLService.Logic.csproj", "{A78C63F7-E1DC-4F95-8B10-FCF72208896E}"
EndProject
Project("{FAE04EC0-301F-11D3-BF4B-00C04F79EFBC}") = "GraphQLService.Dto", "GraphQLService.Dto\GraphQLService.Dto.csproj", "{88A2F2AB-43BB-476E-9558-77A64D3735C8}"
EndProject
Project("{FAE04EC0-301F-11D3-BF4B-00C04F79EFBC}") = "GraphQLService.Query", "GraphQLService.Query\GraphQLService.Query.csproj", "{7AE7C63D-B51B-49B8-9324-184C219279E4}"
EndProject
Global
	GlobalSection(SolutionConfigurationPlatforms) = preSolution
		Debug|Any CPU = Debug|Any CPU
		Release|Any CPU = Release|Any CPU
	EndGlobalSection
	GlobalSection(ProjectConfigurationPlatforms) = postSolution
		{B331DA28-C5FE-41E4-AB4B-E860D01A49B0}.Debug|Any CPU.ActiveCfg = Debug|Any CPU
		{B331DA28-C5FE-41E4-AB4B-E860D01A49B0}.Debug|Any CPU.Build.0 = Debug|Any CPU
		{B331DA28-C5FE-41E4-AB4B-E860D01A49B0}.Release|Any CPU.ActiveCfg = Release|Any CPU
		{B331DA28-C5FE-41E4-AB4B-E860D01A49B0}.Release|Any CPU.Build.0 = Release|Any CPU
		{3B3951F3-8757-47E7-8581-91B7C0C95F7E}.Debug|Any CPU.ActiveCfg = Debug|Any CPU
		{3B3951F3-8757-47E7-8581-91B7C0C95F7E}.Debug|Any CPU.Build.0 = Debug|Any CPU
		{3B3951F3-8757-47E7-8581-91B7C0C95F7E}.Release|Any CPU.ActiveCfg = Release|Any CPU
		{3B3951F3-8757-47E7-8581-91B7C0C95F7E}.Release|Any CPU.Build.0 = Release|Any CPU
		{A78C63F7-E1DC-4F95-8B10-FCF72208896E}.Debug|Any CPU.ActiveCfg = Debug|Any CPU
		{A78C63F7-E1DC-4F95-8B10-FCF72208896E}.Debug|Any CPU.Build.0 = Debug|Any CPU
		{A78C63F7-E1DC-4F95-8B10-FCF72208896E}.Release|Any CPU.ActiveCfg = Release|Any CPU
		{A78C63F7-E1DC-4F95-8B10-FCF72208896E}.Release|Any CPU.Build.0 = Release|Any CPU
		{88A2F2AB-43BB-476E-9558-77A64D3735C8}.Debug|Any CPU.ActiveCfg = Debug|Any CPU
		{88A2F2AB-43BB-476E-9558-77A64D3735C8}.Debug|Any CPU.Build.0 = Debug|Any CPU
		{88A2F2AB-43BB-476E-9558-77A64D3735C8}.Release|Any CPU.ActiveCfg = Release|Any CPU
		{88A2F2AB-43BB-476E-9558-77A64D3735C8}.Release|Any CPU.Build.0 = Release|Any CPU
		{7AE7C63D-B51B-49B8-9324-184C219279E4}.Debug|Any CPU.ActiveCfg = Debug|Any CPU
		{7AE7C63D-B51B-49B8-9324-184C219279E4}.Debug|Any CPU.Build.0 = Debug|Any CPU
		{7AE7C63D-B51B-49B8-9324-184C219279E4}.Release|Any CPU.ActiveCfg = Release|Any CPU
		{7AE7C63D-B51B-49B8-9324-184C219279E4}.Release|Any CPU.Build.0 = Release|Any CPU
	EndGlobalSection
	GlobalSection(SolutionProperties) = preSolution
		HideSolutionNode = FALSE
	EndGlobalSection
	GlobalSection(ExtensibilityGlobals) = postSolution
		SolutionGuid = {C7A703C9-A227-4311-A07B-F1F5A20829C5}
	EndGlobalSection
EndGlobal
